
Microsoft Visual Studio Solution File, Format Version 12.00
# Visual Studio Version 16
VisualStudioVersion = 16.0.31129.286
MinimumVisualStudioVersion = 10.0.40219.1
Project("{FAE04EC0-301F-11D3-BF4B-00C04F79EFBC}") = "DotNetCoreMvc", "DotNetCoreMvc.csproj", "{5C0BD345-F111-444C-A6F2-14CAAFF4E2C9}"
EndProject
Global
	GlobalSection(SolutionConfigurationPlatforms) = preSolution
		Debug|Any CPU = Debug|Any CPU
		Release|Any CPU = Release|Any CPU
	EndGlobalSection
	GlobalSection(ProjectConfigurationPlatforms) = postSolution
		{5C0BD345-F111-444C-A6F2-14CAAFF4E2C9}.Debug|Any CPU.ActiveCfg = Debug|Any CPU
		{5C0BD345-F111-444C-A6F2-14CAAFF4E2C9}.Debug|Any CPU.Build.0 = Debug|Any CPU
		{5C0BD345-F111-444C-A6F2-14CAAFF4E2C9}.Release|Any CPU.ActiveCfg = Release|Any CPU
		{5C0BD345-F111-444C-A6F2-14CAAFF4E2C9}.Release|Any CPU.Build.0 = Release|Any CPU
	EndGlobalSection
	GlobalSection(SolutionProperties) = preSolution
		HideSolutionNode = FALSE
	EndGlobalSection
	GlobalSection(ExtensibilityGlobals) = postSolution
		SolutionGuid = {9D454334-2238-4977-B3A3-D7E6A34F1F2E}
	EndGlobalSection
EndGlobal
